github.com/davecgh/go-spew v1.1.0 h1:ZDRjVQ15GmhC3fiQ8ni8+OwkZQO4DARzQgrnXU1Liz8=
github.com/davecgh/go-spew v1.1.0/go.mod h1:J7Y8YcW2NihsgmVo/mv3lAwl/skON4iLHjSsI+c5H38=
github.com/lorenzosaino/go-sysctl v0.1.0 h1:BfWlLYErjQeCb0TB3kzIq5nsVVjKqyT0NKvWqifz7gE=
github.com/lorenzosaino/go-sysctl v0.1.0/go.mod h1:jp4+NUTRTq8/3QPxrhPPav8j/tCw1yUwZtG0iPWBFcU=
github.com/pmezard/go-difflib v1.0.0 h1:4DBwDE0NGyQoBHbLQYPwSUPoCMWR5BEzIk/f1lZbAQM=
github.com/pmezard/go-difflib v1.0.0/go.mod h1:iKH77koFhYxTK1pcRnkKkqfTogsbg7gZNVY4sRDYZ/4=
github.com/stretchr/objx v0.1.0/go.mod h1:HFkY916IF+rwdDfMAkV7OtwuqBVzrE8GR6GFx+wExME=
github.com/stretchr/testify v1.4.0 h1:2E4SXV/wtOkTonXsotYi4li6zVWxYlZuYNCXe9XRJyk=
github.com/stretchr/testify v1.4.0/go.mod h1:j7eGeouHqKxXV5pUuKE4zz7dFj8WfuZ+81PSLYec5m4=
github.com/vishvananda/netlink v1.1.1-0.20200209182519-5e92c072cd0d h1:iYdMm+5UEYH8kHl7NGUwWfbBxMyXJv2jw88gmznAGx8=
github.com/vishvananda/netlink v1.1.1-0.20200209182519-5e92c072cd0d/go.mod h1:FSQhuTO7eHT34mPzX+B04SUAjiqLxtXs1et0S6l9k4k=
github.com/vishvananda/netns v0.0.0-20191106174202-0a2b9b5464df h1:OviZH7qLw/7ZovXvuNyL3XQl8UFofeikI1NW1Gypu7k=
github.com/vishvananda/netns v0.0.0-20191106174202-0a2b9b5464df/go.mod h1:JP3t17pCcGlemwknint6hfoeCVQrEMVwxRLRjXpq+BU=
github.com/xaionaro-go/errors v0.0.0-20200223133802-5f1bdcd2dd3e h1:xPlvDQvKD3ZebBBhBn1p+mT7Kjeo1dGsXVEwLBdDmhc=
github.com/xaionaro-go/errors v0.0.0-20200223133802-5f1bdcd2dd3e/go.mod h1:kbL3cDyZdqjEhQR1+LVHz0/ZYbFpH62e6t3zCDKmbLA=
github.com/xaionaro-go/netlink v1.0.1-0.20200209193433-105c3d8d5e5b h1:VWyVaqVFH/qIQvYwHRXjmk7C2IHhTG55RTp7tIVt0QI=
github.com/xaionaro-go/netlink v1.0.1-0.20200209193433-105c3d8d5e5b/go.mod h1:GnJaszhkYMZ8xyDg5WBIDgqkCYLlSpF7PDYKxk8iV/k=
golang.org/x/crypto v0.0.0-20211108221036-ceb1ce70b4fa h1:idItI2DDfCokpg0N51B2VtiLdJ4vAuXC9fnCb2gACo4=
golang.org/x/crypto v0.0.0-20211108221036-ceb1ce70b4fa/go.mod h1:GvvjBRRGRdwPK5ydBHafDWAxML/pGHZbMvKqRZ5+Abc=
golang.org/x/net v0.0.0-20210226172049-e18ecbb05110/go.mod h1:m0MpNAwzfU5UDzcl9v0D8zg8gWTRqZa9RBIspLL5mdg=
golang.org/x/net v0.0.0-20211111083644-e5c967477495 h1:cjxxlQm6d4kYbhpZ2ghvmI8xnq0AG+jXmzrhzfkyu5A=
golang.org/x/net v0.0.0-20211111083644-e5c967477495/go.mod h1:9nx3DQGgdP8bBQD5qxJ1jj9UTztislL4KSBs9R2vV5Y=
golang.org/x/sys v0.0.0-20200121082415-34d275377bf9/go.mod h1:h1NjWce9XRLGQEsW7wpKNCjG9DtNlClVuFLEZdDNbEs=
golang.org/x/sys v0.0.0-20201119102817-f84b799fce68/go.mod h1:h1NjWce9XRLGQEsW7wpKNCjG9DtNlClVuFLEZdDNbEs=
golang.org/x/sys v0.0.0-20210423082822-04245dca01da/go.mod h1:h1NjWce9XRLGQEsW7wpKNCjG9DtNlClVuFLEZdDNbEs=
golang.org/x/sys v0.0.0-20210615035016-665e8c7367d1/go.mod h1:oPkhp1MJrh7nUepCBck5+mAzfO9JrbApNNgaTdGDITg=
golang.org/x/sys v0.0.0-20211103235746-7861aae1554b/go.mod h1:oPkhp1MJrh7nUepCBck5+mAzfO9JrbApNNgaTdGDITg=
golang.org/x/sys v0.0.0-20211110154304-99a53858aa08 h1:WecRHqgE09JBkh/584XIE6PMz5KKE/vER4izNUi30AQ=
golang.org/x/sys v0.0.0-20211110154304-99a53858aa08/go.mod h1:oPkhp1MJrh7nUepCBck5+mAzfO9JrbApNNgaTdGDITg=
golang.org/x/term v0.0.0-20201126162022-7de9c90e9dd1/go.mod h1:bj7SfCRtBDWHUb9snDiAeCFNEtKQo2Wmx5Cou7ajbmo=
golang.org/x/text v0.3.3/go.mod h1:5Zoc/QRtKVWzQhOtBMvqHzDpF6irO9z98xDceosuGiQ=
golang.org/x/text v0.3.6/go.mod h1:5Zoc/QRtKVWzQhOtBMvqHzDpF6irO9z98xDceosuGiQ=
golang.org/x/tools v0.0.0-20180917221912-90fa682c2a6e/go.mod h1:n7NCudcB/nEzxVGmLbDWY5pfWTLqBcC2KZ6jyYvM4mQ=
golang.zx2c4.com/go118/netip v0.0.0-20211111135330-a4a02eeacf9d h1:9+v0G0naRhLPOJEeJOL6NuXTtAHHwmkyZlgQJ0XcQ8I=
golang.zx2c4.com/go118/netip v0.0.0-20211111135330-a4a02eeacf9d/go.mod h1:5yyfuiqVIJ7t+3MqrpTQ+QqRkMWiESiyDvPNvKYCecg=
golang.zx2c4.com/wintun v0.0.0-20211104114900-415007cec224 h1:Ug9qvr1myri/zFN6xL17LSCBGFDnphBBhzmILHsM5TY=
golang.zx2c4.com/wintun v0.0.0-20211104114900-415007cec224/go.mod h1:deeaetjYA+DHMHg+sMSMI58GrEteJUUzzw7en6TJQcI=
golang.zx2c4.com/wireguard v0.0.0-20211209221555-9c9e7e272434 h1:3zl8RkJNQ8wfPRomwv/6DBbH2Ut6dgMaWTxM0ZunWnE=
golang.zx2c4.com/wireguard v0.0.0-20211209221555-9c9e7e272434/go.mod h1:TjUWrnD5ATh7bFvmm/ALEJZQ4ivKbETb6pmyj1vUoNI=
gopkg.in/check.v1 v0.0.0-20161208181325-20d25e280405/go.mod h1:Co6ibVJAznAaIkqp8huTwlJQCZ016jof/cbN4VW5Yz0=
gopkg.in/yaml.v2 v2.2.2 h1:ZCJp+EgiOT7lHqUV2J862kp8Qj64Jo6az82+3Td9dZw=
gopkg.in/yaml.v2 v2.2.2/go.mod h1:hI93XBmqTisBFMUTm0b8Fm+jr3Dg1NNxqwp+5A1VGuI=
